
Microsoft Visual Studio Solution File, Format Version 12.00
# Visual Studio 15
VisualStudioVersion = 15.0.27130.2036
MinimumVisualStudioVersion = 10.0.40219.1
Project("{FAE04EC0-301F-11D3-BF4B-00C04F79EFBC}") = "ConselhoDeClasse", "ConselhoDeClasse\ConselhoDeClasse.csproj", "{44564C40-A1A2-4860-8CFC-7C870843D62E}"
EndProject
Project("{FAE04EC0-301F-11D3-BF4B-00C04F79EFBC}") = "MeusModelos", "MeusModelos\MeusModelos.csproj", "{097D1026-8B78-4E5A-8A40-68A9885A8999}"
EndProject
Global
	GlobalSection(SolutionConfigurationPlatforms) = preSolution
		Debug|Any CPU = Debug|Any CPU
		Debug|ARM = Debug|ARM
		Debug|x64 = Debug|x64
		Debug|x86 = Debug|x86
		Release|Any CPU = Release|Any CPU
		Release|ARM = Release|ARM
		Release|x64 = Release|x64
		Release|x86 = Release|x86
	EndGlobalSection
	GlobalSection(ProjectConfigurationPlatforms) = postSolution
		{44564C40-A1A2-4860-8CFC-7C870843D62E}.Debug|Any CPU.ActiveCfg = Debug|Any CPU
		{44564C40-A1A2-4860-8CFC-7C870843D62E}.Debug|Any CPU.Build.0 = Debug|Any CPU
		{44564C40-A1A2-4860-8CFC-7C870843D62E}.Debug|ARM.ActiveCfg = Debug|Any CPU
		{44564C40-A1A2-4860-8CFC-7C870843D62E}.Debug|ARM.Build.0 = Debug|Any CPU
		{44564C40-A1A2-4860-8CFC-7C870843D62E}.Debug|x64.ActiveCfg = Debug|Any CPU
		{44564C40-A1A2-4860-8CFC-7C870843D62E}.Debug|x64.Build.0 = Debug|Any CPU
		{44564C40-A1A2-4860-8CFC-7C870843D62E}.Debug|x86.ActiveCfg = Debug|Any CPU
		{44564C40-A1A2-4860-8CFC-7C870843D62E}.Debug|x86.Build.0 = Debug|Any CPU
		{44564C40-A1A2-4860-8CFC-7C870843D62E}.Release|Any CPU.ActiveCfg = Release|Any CPU
		{44564C40-A1A2-4860-8CFC-7C870843D62E}.Release|Any CPU.Build.0 = Release|Any CPU
		{44564C40-A1A2-4860-8CFC-7C870843D62E}.Release|ARM.ActiveCfg = Release|Any CPU
		{44564C40-A1A2-4860-8CFC-7C870843D62E}.Release|ARM.Build.0 = Release|Any CPU
		{44564C40-A1A2-4860-8CFC-7C870843D62E}.Release|x64.ActiveCfg = Release|Any CPU
		{44564C40-A1A2-4860-8CFC-7C870843D62E}.Release|x64.Build.0 = Release|Any CPU
		{44564C40-A1A2-4860-8CFC-7C870843D62E}.Release|x86.ActiveCfg = Release|Any CPU
		{44564C40-A1A2-4860-8CFC-7C870843D62E}.Release|x86.Build.0 = Release|Any CPU
		{097D1026-8B78-4E5A-8A40-68A9885A8999}.Debug|Any CPU.ActiveCfg = Debug|Any CPU
		{097D1026-8B78-4E5A-8A40-68A9885A8999}.Debug|Any CPU.Build.0 = Debug|Any CPU
		{097D1026-8B78-4E5A-8A40-68A9885A8999}.Debug|ARM.ActiveCfg = Debug|Any CPU
		{097D1026-8B78-4E5A-8A40-68A9885A8999}.Debug|ARM.Build.0 = Debug|Any CPU
		{097D1026-8B78-4E5A-8A40-68A9885A8999}.Debug|x64.ActiveCfg = Debug|Any CPU
		{097D1026-8B78-4E5A-8A40-68A9885A8999}.Debug|x64.Build.0 = Debug|Any CPU
		{097D1026-8B78-4E5A-8A40-68A9885A8999}.Debug|x86.ActiveCfg = Debug|Any CPU
		{097D1026-8B78-4E5A-8A40-68A9885A8999}.Debug|x86.Build.0 = Debug|Any CPU
		{097D1026-8B78-4E5A-8A40-68A9885A8999}.Release|Any CPU.ActiveCfg = Release|Any CPU
		{097D1026-8B78-4E5A-8A40-68A9885A8999}.Release|Any CPU.Build.0 = Release|Any CPU
		{097D1026-8B78-4E5A-8A40-68A9885A8999}.Release|ARM.ActiveCfg = Release|Any CPU
		{097D1026-8B78-4E5A-8A40-68A9885A8999}.Release|ARM.Build.0 = Release|Any CPU
		{097D1026-8B78-4E5A-8A40-68A9885A8999}.Release|x64.ActiveCfg = Release|Any CPU
		{097D1026-8B78-4E5A-8A40-68A9885A8999}.Release|x64.Build.0 = Release|Any CPU
		{097D1026-8B78-4E5A-8A40-68A9885A8999}.Release|x86.ActiveCfg = Release|Any CPU
		{097D1026-8B78-4E5A-8A40-68A9885A8999}.Release|x86.Build.0 = Release|Any CPU
	EndGlobalSection
	GlobalSection(SolutionProperties) = preSolution
		HideSolutionNode = FALSE
	EndGlobalSection
	GlobalSection(ExtensibilityGlobals) = postSolution
		SolutionGuid = {9865413A-5769-4789-BACA-39B4346CF307}
	EndGlobalSection
EndGlobal
